
Microsoft Visual Studio Solution File, Format Version 12.00
# Visual Studio 15
VisualStudioVersion = 15.0.27703.2000
MinimumVisualStudioVersion = 10.0.40219.1
Project("{FAE04EC0-301F-11D3-BF4B-00C04F79EFBC}") = "Algoritmia", "Algoritmia\Algoritmia.csproj", "{BCCDD0C5-1685-4C0A-9187-10C399DEDFDF}"
EndProject
Global
	GlobalSection(SolutionConfigurationPlatforms) = preSolution
		Debug|Any CPU = Debug|Any CPU
		Release|Any CPU = Release|Any CPU
	EndGlobalSection
	GlobalSection(ProjectConfigurationPlatforms) = postSolution
		{BCCDD0C5-1685-4C0A-9187-10C399DEDFDF}.Debug|Any CPU.ActiveCfg = Debug|Any CPU
		{BCCDD0C5-1685-4C0A-9187-10C399DEDFDF}.Debug|Any CPU.Build.0 = Debug|Any CPU
		{BCCDD0C5-1685-4C0A-9187-10C399DEDFDF}.Release|Any CPU.ActiveCfg = Release|Any CPU
		{BCCDD0C5-1685-4C0A-9187-10C399DEDFDF}.Release|Any CPU.Build.0 = Release|Any CPU
	EndGlobalSection
	GlobalSection(SolutionProperties) = preSolution
		HideSolutionNode = FALSE
	EndGlobalSection
	GlobalSection(ExtensibilityGlobals) = postSolution
		SolutionGuid = {51B13985-4F9D-4167-B887-7215581B2F42}
	EndGlobalSection
EndGlobal
